
Microsoft Visual Studio Solution File, Format Version 12.00
# Visual Studio Version 17
VisualStudioVersion = 17.5.33530.505
MinimumVisualStudioVersion = 10.0.40219.1
Project("{9A19103F-16F7-4668-BE54-9A1E7A4F7556}") = "task_2", "task_2\task_2.csproj", "{1CE01436-F581-4E31-99E8-3AE405A96A72}"
EndProject
Project("{9A19103F-16F7-4668-BE54-9A1E7A4F7556}") = "task_3", "task_3\task_3.csproj", "{11D3B5A2-C8E0-47E7-BAD7-FBC6347048E2}"
EndProject
Project("{9A19103F-16F7-4668-BE54-9A1E7A4F7556}") = "task_4", "task_4\task_4.csproj", "{A13B4841-DD6D-4AEC-AFEA-A1521E0FBA81}"
EndProject
Project("{9A19103F-16F7-4668-BE54-9A1E7A4F7556}") = "task_5", "task_5\task_5.csproj", "{4F086CB7-A021-4655-BFF6-09A5FC3C7B9D}"
EndProject
Project("{FAE04EC0-301F-11D3-BF4B-00C04F79EFBC}") = "task_1", "task_1\task_1.csproj", "{89AE50EE-E25A-4766-B044-68A1A22081D4}"
EndProject
Global
	GlobalSection(SolutionConfigurationPlatforms) = preSolution
		Debug|Any CPU = Debug|Any CPU
		Release|Any CPU = Release|Any CPU
	EndGlobalSection
	GlobalSection(ProjectConfigurationPlatforms) = postSolution
		{1CE01436-F581-4E31-99E8-3AE405A96A72}.Debug|Any CPU.ActiveCfg = Debug|Any CPU
		{1CE01436-F581-4E31-99E8-3AE405A96A72}.Debug|Any CPU.Build.0 = Debug|Any CPU
		{1CE01436-F581-4E31-99E8-3AE405A96A72}.Release|Any CPU.ActiveCfg = Release|Any CPU
		{1CE01436-F581-4E31-99E8-3AE405A96A72}.Release|Any CPU.Build.0 = Release|Any CPU
		{11D3B5A2-C8E0-47E7-BAD7-FBC6347048E2}.Debug|Any CPU.ActiveCfg = Debug|Any CPU
		{11D3B5A2-C8E0-47E7-BAD7-FBC6347048E2}.Debug|Any CPU.Build.0 = Debug|Any CPU
		{11D3B5A2-C8E0-47E7-BAD7-FBC6347048E2}.Release|Any CPU.ActiveCfg = Release|Any CPU
		{11D3B5A2-C8E0-47E7-BAD7-FBC6347048E2}.Release|Any CPU.Build.0 = Release|Any CPU
		{A13B4841-DD6D-4AEC-AFEA-A1521E0FBA81}.Debug|Any CPU.ActiveCfg = Debug|Any CPU
		{A13B4841-DD6D-4AEC-AFEA-A1521E0FBA81}.Debug|Any CPU.Build.0 = Debug|Any CPU
		{A13B4841-DD6D-4AEC-AFEA-A1521E0FBA81}.Release|Any CPU.ActiveCfg = Release|Any CPU
		{A13B4841-DD6D-4AEC-AFEA-A1521E0FBA81}.Release|Any CPU.Build.0 = Release|Any CPU
		{4F086CB7-A021-4655-BFF6-09A5FC3C7B9D}.Debug|Any CPU.ActiveCfg = Debug|Any CPU
		{4F086CB7-A021-4655-BFF6-09A5FC3C7B9D}.Debug|Any CPU.Build.0 = Debug|Any CPU
		{4F086CB7-A021-4655-BFF6-09A5FC3C7B9D}.Release|Any CPU.ActiveCfg = Release|Any CPU
		{4F086CB7-A021-4655-BFF6-09A5FC3C7B9D}.Release|Any CPU.Build.0 = Release|Any CPU
		{89AE50EE-E25A-4766-B044-68A1A22081D4}.Debug|Any CPU.ActiveCfg = Debug|Any CPU
		{89AE50EE-E25A-4766-B044-68A1A22081D4}.Debug|Any CPU.Build.0 = Debug|Any CPU
		{89AE50EE-E25A-4766-B044-68A1A22081D4}.Release|Any CPU.ActiveCfg = Release|Any CPU
		{89AE50EE-E25A-4766-B044-68A1A22081D4}.Release|Any CPU.Build.0 = Release|Any CPU
	EndGlobalSection
	GlobalSection(SolutionProperties) = preSolution
		HideSolutionNode = FALSE
	EndGlobalSection
	GlobalSection(ExtensibilityGlobals) = postSolution
		SolutionGuid = {7552124D-D682-4F33-8F51-3B179F808F3F}
	EndGlobalSection
EndGlobal
